
Microsoft Visual Studio Solution File, Format Version 12.00
# Visual Studio 2013
VisualStudioVersion = 12.0.31101.0
MinimumVisualStudioVersion = 10.0.40219.1
Project("{8BC9CEB8-8B4A-11D0-8D11-00A0C91BC942}") = "bitcoin-node", "bitcoin-node\bitcoin-node.vcxproj", "{D3404804-C83F-46CE-A5A6-3A39EF93DE46}"
EndProject
Project("{8BC9CEB8-8B4A-11D0-8D11-00A0C91BC942}") = "libbitcoin-node", "libbitcoin-node\libbitcoin-node.vcxproj", "{5FFB5F52-0772-4404-BB2F-39BE5F82A158}"
EndProject
Project("{8BC9CEB8-8B4A-11D0-8D11-00A0C91BC942}") = "libbitcoin-node-test", "libbitcoin-node-test\libbitcoin-node-test.vcxproj", "{4BD50864-D3BC-4F64-AEBB-DDEB8A622FA8}"
EndProject
Global
	GlobalSection(SolutionConfigurationPlatforms) = preSolution
		StaticDebug|Win32 = StaticDebug|Win32
		StaticDebug|x64 = StaticDebug|x64
		StaticRelease|Win32 = StaticRelease|Win32
		StaticRelease|x64 = StaticRelease|x64
	EndGlobalSection
	GlobalSection(ProjectConfigurationPlatforms) = postSolution
		{D3404804-C83F-46CE-A5A6-3A39EF93DE46}.StaticDebug|Win32.ActiveCfg = DebugSEXE|Win32
		{D3404804-C83F-46CE-A5A6-3A39EF93DE46}.StaticDebug|Win32.Build.0 = DebugSEXE|Win32
		{D3404804-C83F-46CE-A5A6-3A39EF93DE46}.StaticDebug|x64.ActiveCfg = DebugSEXE|x64
		{D3404804-C83F-46CE-A5A6-3A39EF93DE46}.StaticDebug|x64.Build.0 = DebugSEXE|x64
		{D3404804-C83F-46CE-A5A6-3A39EF93DE46}.StaticRelease|Win32.ActiveCfg = ReleaseSEXE|Win32
		{D3404804-C83F-46CE-A5A6-3A39EF93DE46}.StaticRelease|Win32.Build.0 = ReleaseSEXE|Win32
		{D3404804-C83F-46CE-A5A6-3A39EF93DE46}.StaticRelease|x64.ActiveCfg = ReleaseSEXE|x64
		{D3404804-C83F-46CE-A5A6-3A39EF93DE46}.StaticRelease|x64.Build.0 = ReleaseSEXE|x64
		{5FFB5F52-0772-4404-BB2F-39BE5F82A158}.StaticDebug|Win32.ActiveCfg = DebugLIB|Win32
		{5FFB5F52-0772-4404-BB2F-39BE5F82A158}.StaticDebug|Win32.Build.0 = DebugLIB|Win32
		{5FFB5F52-0772-4404-BB2F-39BE5F82A158}.StaticDebug|x64.ActiveCfg = DebugLIB|x64
		{5FFB5F52-0772-4404-BB2F-39BE5F82A158}.StaticDebug|x64.Build.0 = DebugLIB|x64
		{5FFB5F52-0772-4404-BB2F-39BE5F82A158}.StaticRelease|Win32.ActiveCfg = ReleaseLIB|Win32
		{5FFB5F52-0772-4404-BB2F-39BE5F82A158}.StaticRelease|Win32.Build.0 = ReleaseLIB|Win32
		{5FFB5F52-0772-4404-BB2F-39BE5F82A158}.StaticRelease|x64.ActiveCfg = ReleaseLIB|x64
		{5FFB5F52-0772-4404-BB2F-39BE5F82A158}.StaticRelease|x64.Build.0 = ReleaseLIB|x64
		{4BD50864-D3BC-4F64-AEBB-DDEB8A622FA8}.StaticDebug|Win32.ActiveCfg = DebugSEXE|Win32
		{4BD50864-D3BC-4F64-AEBB-DDEB8A622FA8}.StaticDebug|Win32.Build.0 = DebugSEXE|Win32
		{4BD50864-D3BC-4F64-AEBB-DDEB8A622FA8}.StaticDebug|x64.ActiveCfg = DebugSEXE|x64
		{4BD50864-D3BC-4F64-AEBB-DDEB8A622FA8}.StaticDebug|x64.Build.0 = DebugSEXE|x64
		{4BD50864-D3BC-4F64-AEBB-DDEB8A622FA8}.StaticRelease|Win32.ActiveCfg = ReleaseSEXE|Win32
		{4BD50864-D3BC-4F64-AEBB-DDEB8A622FA8}.StaticRelease|Win32.Build.0 = ReleaseSEXE|Win32
		{4BD50864-D3BC-4F64-AEBB-DDEB8A622FA8}.StaticRelease|x64.ActiveCfg = ReleaseSEXE|x64
		{4BD50864-D3BC-4F64-AEBB-DDEB8A622FA8}.StaticRelease|x64.Build.0 = ReleaseSEXE|x64
	EndGlobalSection
	GlobalSection(SolutionProperties) = preSolution
		HideSolutionNode = FALSE
	EndGlobalSection
EndGlobal
