<?xml version="1.0" encoding="utf-8"?>
<Project ToolsVersion="4.0" xmlns="http://schemas.microsoft.com/developer/msbuild/2003">
  <ItemGroup>
    <None Include="packages.config" />
  </ItemGroup>
  <ItemGroup>
    <Filter Include="src">
      <UniqueIdentifier>{512d4fae-cd3e-4c77-a6a0-853a9aad9103}</UniqueIdentifier>
    </Filter>
    <Filter Include="include">
      <UniqueIdentifier>{e0138510-132d-4f20-ab0f-a3da9b402fcd}</UniqueIdentifier>
    </Filter>
    <Filter Include="include\bitcoin">
      <UniqueIdentifier>{d10e6150-4949-4d4a-9f2d-9f1c2e5f2ffd}</UniqueIdentifier>
    </Filter>
    <Filter Include="include\bitcoin\node">
      <UniqueIdentifier>{e513ccb7-7e1c-430b-97aa-62646cfaf4ae}</UniqueIdentifier>
    </Filter>
    <Filter Include="include\bitcoin\node\utility">
      <UniqueIdentifier>{5b0363e1-951d-42e4-8bcd-50c87e95fc45}</UniqueIdentifier>
    </Filter>
    <Filter Include="include\bitcoin\node\protocols">
      <UniqueIdentifier>{1e6f4f56-de6b-4d13-8795-4c992dd084e8}</UniqueIdentifier>
    </Filter>
    <Filter Include="include\bitcoin\node\sessions">
      <UniqueIdentifier>{cc7b70d1-bd1e-4b32-8d1c-2780a6815dd5}</UniqueIdentifier>
    </Filter>
    <Filter Include="src\protocols">
      <UniqueIdentifier>{9f154799-8973-48b5-8504-fa9ffa5b99ff}</UniqueIdentifier>
    </Filter>
    <Filter Include="src\sessions">
      <UniqueIdentifier>{4dfd493e-557f-4572-9e4f-18cdaf82d055}</UniqueIdentifier>
    </Filter>
    <Filter Include="src\utility">
      <UniqueIdentifier>{ab239a4e-9f2e-476a-ac8c-4c4e8acd06ff}</UniqueIdentifier>
    </Filter>
  </ItemGroup>
  <ItemGroup>
    <ClCompile Include="..\..\..\..\src\parser.cpp">
      <Filter>src</Filter>
    </ClCompile>
    <ClCompile Include="..\..\..\..\src\settings.cpp">
      <Filter>src</Filter>
    </ClCompile>
    <ClCompile Include="..\..\..\..\src\configuration.cpp">
      <Filter>src</Filter>
    </ClCompile>
    <ClCompile Include="..\..\..\..\src\utility\reservation.cpp">
      <Filter>src\utility</Filter>
    </ClCompile>
    <ClCompile Include="..\..\..\..\src\utility\reservations.cpp">
      <Filter>src\utility</Filter>
    </ClCompile>
    <ClCompile Include="..\..\..\..\src\utility\performance.cpp">
      <Filter>src\utility</Filter>
    </ClCompile>
    <ClCompile Include="..\..\..\..\src\sessions\session_block_sync.cpp">
      <Filter>src\sessions</Filter>
    </ClCompile>
    <ClCompile Include="..\..\..\..\src\sessions\session_header_sync.cpp">
      <Filter>src\sessions</Filter>
    </ClCompile>
    <ClCompile Include="..\..\..\..\src\protocols\protocol_block_sync.cpp">
      <Filter>src\protocols</Filter>
    </ClCompile>
    <ClCompile Include="..\..\..\..\src\protocols\protocol_header_sync.cpp">
      <Filter>src\protocols</Filter>
    </ClCompile>
    <ClCompile Include="..\..\..\..\src\sessions\session_manual.cpp">
      <Filter>src\sessions</Filter>
    </ClCompile>
    <ClCompile Include="..\..\..\..\src\sessions\session_outbound.cpp">
      <Filter>src\sessions</Filter>
    </ClCompile>
    <ClCompile Include="..\..\..\..\src\sessions\session_inbound.cpp">
      <Filter>src\sessions</Filter>
    </ClCompile>
    <ClCompile Include="..\..\..\..\src\protocols\protocol_block_in.cpp">
      <Filter>src\protocols</Filter>
    </ClCompile>
    <ClCompile Include="..\..\..\..\src\protocols\protocol_block_out.cpp">
      <Filter>src\protocols</Filter>
    </ClCompile>
    <ClCompile Include="..\..\..\..\src\protocols\protocol_transaction_in.cpp">
      <Filter>src\protocols</Filter>
    </ClCompile>
    <ClCompile Include="..\..\..\..\src\protocols\protocol_transaction_out.cpp">
      <Filter>src\protocols</Filter>
    </ClCompile>
    <ClCompile Include="..\..\..\..\src\full_node.cpp">
      <Filter>src</Filter>
    </ClCompile>
    <ClCompile Include="..\..\..\..\src\utility\header_list.cpp">
      <Filter>src\utility</Filter>
    </ClCompile>
    <ClCompile Include="..\..\..\..\src\utility\check_list.cpp">
      <Filter>src\utility</Filter>
    </ClCompile>
  </ItemGroup>
  <ItemGroup>
    <ClInclude Include="..\..\..\..\include\bitcoin\node.hpp">
      <Filter>include\bitcoin</Filter>
    </ClInclude>
    <ClInclude Include="..\..\..\..\include\bitcoin\node\define.hpp">
      <Filter>include\bitcoin\node</Filter>
    </ClInclude>
    <ClInclude Include="..\..\..\..\include\bitcoin\node\version.hpp">
      <Filter>include\bitcoin\node</Filter>
    </ClInclude>
    <ClInclude Include="..\..\..\..\include\bitcoin\node\configuration.hpp">
      <Filter>include\bitcoin\node</Filter>
    </ClInclude>
    <ClInclude Include="..\..\..\..\include\bitcoin\node\settings.hpp">
      <Filter>include\bitcoin\node</Filter>
    </ClInclude>
    <ClInclude Include="..\..\..\..\include\bitcoin\node\parser.hpp">
      <Filter>include\bitcoin\node</Filter>
    </ClInclude>
    <ClInclude Include="..\..\..\..\include\bitcoin\node\utility\performance.hpp">
      <Filter>include\bitcoin\node\utility</Filter>
    </ClInclude>
    <ClInclude Include="..\..\..\..\include\bitcoin\node\utility\reservation.hpp">
      <Filter>include\bitcoin\node\utility</Filter>
    </ClInclude>
    <ClInclude Include="..\..\..\..\include\bitcoin\node\utility\reservations.hpp">
      <Filter>include\bitcoin\node\utility</Filter>
    </ClInclude>
    <ClInclude Include="..\..\..\..\include\bitcoin\node\protocols\protocol_block_sync.hpp">
      <Filter>include\bitcoin\node\protocols</Filter>
    </ClInclude>
    <ClInclude Include="..\..\..\..\include\bitcoin\node\protocols\protocol_header_sync.hpp">
      <Filter>include\bitcoin\node\protocols</Filter>
    </ClInclude>
    <ClInclude Include="..\..\..\..\include\bitcoin\node\sessions\session_header_sync.hpp">
      <Filter>include\bitcoin\node\sessions</Filter>
    </ClInclude>
    <ClInclude Include="..\..\..\..\include\bitcoin\node\sessions\session_block_sync.hpp">
      <Filter>include\bitcoin\node\sessions</Filter>
    </ClInclude>
    <ClInclude Include="..\..\..\..\include\bitcoin\node\sessions\session_manual.hpp">
      <Filter>include\bitcoin\node\sessions</Filter>
    </ClInclude>
    <ClInclude Include="..\..\..\..\include\bitcoin\node\sessions\session_outbound.hpp">
      <Filter>include\bitcoin\node\sessions</Filter>
    </ClInclude>
    <ClInclude Include="..\..\..\..\include\bitcoin\node\sessions\session_inbound.hpp">
      <Filter>include\bitcoin\node\sessions</Filter>
    </ClInclude>
    <ClInclude Include="..\..\..\..\include\bitcoin\node\protocols\protocol_block_out.hpp">
      <Filter>include\bitcoin\node\protocols</Filter>
    </ClInclude>
    <ClInclude Include="..\..\..\..\include\bitcoin\node\protocols\protocol_block_in.hpp">
      <Filter>include\bitcoin\node\protocols</Filter>
    </ClInclude>
    <ClInclude Include="..\..\..\..\include\bitcoin\node\protocols\protocol_transaction_in.hpp">
      <Filter>include\bitcoin\node\protocols</Filter>
    </ClInclude>
    <ClInclude Include="..\..\..\..\include\bitcoin\node\protocols\protocol_transaction_out.hpp">
      <Filter>include\bitcoin\node\protocols</Filter>
    </ClInclude>
    <ClInclude Include="..\..\..\..\include\bitcoin\node\sessions\session.hpp">
      <Filter>include\bitcoin\node\sessions</Filter>
    </ClInclude>
    <ClInclude Include="..\..\..\..\include\bitcoin\node\full_node.hpp">
      <Filter>include\bitcoin\node</Filter>
    </ClInclude>
    <ClInclude Include="..\..\..\..\include\bitcoin\node\utility\header_list.hpp">
      <Filter>include\bitcoin\node\utility</Filter>
    </ClInclude>
    <ClInclude Include="..\..\..\..\include\bitcoin\node\utility\check_list.hpp">
      <Filter>include\bitcoin\node\utility</Filter>
    </ClInclude>
  </ItemGroup>
</Project>