<?xml version="1.0" encoding="utf-8"?>
<Project ToolsVersion="4.0" xmlns="http://schemas.microsoft.com/developer/msbuild/2003">
  <ItemGroup>
    <None Include="packages.config" />
  </ItemGroup>
  <ItemGroup>
    <Filter Include="src">
      <UniqueIdentifier>{512d4fae-cd3e-4c77-a6a0-853a9aad9103}</UniqueIdentifier>
    </Filter>
    <Filter Include="include">
      <UniqueIdentifier>{e0138510-132d-4f20-ab0f-a3da9b402fcd}</UniqueIdentifier>
    </Filter>
    <Filter Include="include\bitcoin">
      <UniqueIdentifier>{d10e6150-4949-4d4a-9f2d-9f1c2e5f2ffd}</UniqueIdentifier>
    </Filter>
    <Filter Include="include\bitcoin\node">
      <UniqueIdentifier>{e513ccb7-7e1c-430b-97aa-62646cfaf4ae}</UniqueIdentifier>
    </Filter>
  </ItemGroup>
  <ItemGroup>
    <ClCompile Include="..\..\..\..\src\poller.cpp">
      <Filter>src</Filter>
    </ClCompile>
    <ClCompile Include="..\..\..\..\src\session.cpp">
      <Filter>src</Filter>
    </ClCompile>
    <ClCompile Include="..\..\..\..\src\full_node.cpp">
      <Filter>src</Filter>
    </ClCompile>
    <ClCompile Include="..\..\..\..\src\responder.cpp">
      <Filter>src</Filter>
    </ClCompile>
    <ClCompile Include="..\..\..\..\src\indexer.cpp">
      <Filter>src</Filter>
    </ClCompile>
    <ClCompile Include="..\..\..\..\src\session_sync.cpp">
      <Filter>src</Filter>
    </ClCompile>
    <ClCompile Include="..\..\..\..\src\p2p_node.cpp">
      <Filter>src</Filter>
    </ClCompile>
    <ClCompile Include="..\..\..\..\src\protocol_header_sync.cpp">
      <Filter>src</Filter>
    </ClCompile>
  </ItemGroup>
  <ItemGroup>
    <ClInclude Include="..\..\..\..\include\bitcoin\node.hpp">
      <Filter>include\bitcoin</Filter>
    </ClInclude>
    <ClInclude Include="..\..\..\..\include\bitcoin\node\session.hpp">
      <Filter>include\bitcoin\node</Filter>
    </ClInclude>
    <ClInclude Include="..\..\..\..\include\bitcoin\node\define.hpp">
      <Filter>include\bitcoin\node</Filter>
    </ClInclude>
    <ClInclude Include="..\..\..\..\include\bitcoin\node\poller.hpp">
      <Filter>include\bitcoin\node</Filter>
    </ClInclude>
    <ClInclude Include="..\..\..\..\include\bitcoin\node\version.hpp">
      <Filter>include\bitcoin\node</Filter>
    </ClInclude>
    <ClInclude Include="..\..\..\..\include\bitcoin\node\full_node.hpp">
      <Filter>include\bitcoin\node</Filter>
    </ClInclude>
    <ClInclude Include="..\..\..\..\include\bitcoin\node\responder.hpp">
      <Filter>include\bitcoin\node</Filter>
    </ClInclude>
    <ClInclude Include="..\..\..\..\include\bitcoin\node\indexer.hpp">
      <Filter>include\bitcoin\node</Filter>
    </ClInclude>
    <ClInclude Include="..\..\..\..\include\bitcoin\node\configuration.hpp">
      <Filter>include\bitcoin\node</Filter>
    </ClInclude>
    <ClInclude Include="..\..\..\..\include\bitcoin\node\settings.hpp">
      <Filter>include\bitcoin\node</Filter>
    </ClInclude>
    <ClInclude Include="..\..\..\..\include\bitcoin\node\session_sync.hpp">
      <Filter>include\bitcoin\node</Filter>
    </ClInclude>
    <ClInclude Include="..\..\..\..\include\bitcoin\node\p2p_node.hpp">
      <Filter>include\bitcoin\node</Filter>
    </ClInclude>
    <ClInclude Include="..\..\..\..\include\bitcoin\node\protocol_header_sync.hpp">
      <Filter>include\bitcoin\node</Filter>
    </ClInclude>
  </ItemGroup>
</Project>