<?xml version="1.0" encoding="utf-8"?>
<!--
 |  Copyright (c) 2014-2023 libbitcoin-node developers (see COPYING).
 |
 |         GENERATED SOURCE CODE, DO NOT EDIT EXCEPT EXPERIMENTALLY
 |
 -->
<Project DefaultTargets="Build" ToolsVersion="15.0" xmlns="http://schemas.microsoft.com/developer/msbuild/2003">
  <ItemGroup>
    <Filter Include="include">
      <UniqueIdentifier>{5FFB5F52-0772-4404-0000-000000000004}</UniqueIdentifier>
    </Filter>
    <Filter Include="include\bitcoin">
      <UniqueIdentifier>{5FFB5F52-0772-4404-0000-000000000005}</UniqueIdentifier>
    </Filter>
    <Filter Include="include\bitcoin\node">
      <UniqueIdentifier>{5FFB5F52-0772-4404-0000-000000000006}</UniqueIdentifier>
    </Filter>
    <Filter Include="include\bitcoin\node\chasers">
      <UniqueIdentifier>{5FFB5F52-0772-4404-0000-000000000007}</UniqueIdentifier>
    </Filter>
    <Filter Include="include\bitcoin\node\protocols">
      <UniqueIdentifier>{5FFB5F52-0772-4404-0000-000000000008}</UniqueIdentifier>
    </Filter>
    <Filter Include="include\bitcoin\node\sessions">
      <UniqueIdentifier>{5FFB5F52-0772-4404-0000-000000000009}</UniqueIdentifier>
    </Filter>
    <Filter Include="resource">
      <UniqueIdentifier>{5FFB5F52-0772-4404-0000-00000000000A}</UniqueIdentifier>
    </Filter>
    <Filter Include="src">
      <UniqueIdentifier>{5FFB5F52-0772-4404-0000-000000000000}</UniqueIdentifier>
    </Filter>
    <Filter Include="src\chasers">
      <UniqueIdentifier>{5FFB5F52-0772-4404-0000-000000000001}</UniqueIdentifier>
    </Filter>
    <Filter Include="src\protocols">
      <UniqueIdentifier>{5FFB5F52-0772-4404-0000-000000000002}</UniqueIdentifier>
    </Filter>
    <Filter Include="src\sessions">
      <UniqueIdentifier>{5FFB5F52-0772-4404-0000-000000000003}</UniqueIdentifier>
    </Filter>
  </ItemGroup>
  <ItemGroup>
    <ClCompile Include="..\..\..\..\src\chasers\chaser_check.cpp">
      <Filter>src\chasers</Filter>
    </ClCompile>
    <ClCompile Include="..\..\..\..\src\chasers\chaser_confirm.cpp">
      <Filter>src\chasers</Filter>
    </ClCompile>
    <ClCompile Include="..\..\..\..\src\chasers\chaser_header.cpp">
      <Filter>src\chasers</Filter>
    </ClCompile>
    <ClCompile Include="..\..\..\..\src\chasers\chaser_transaction.cpp">
      <Filter>src\chasers</Filter>
    </ClCompile>
    <ClCompile Include="..\..\..\..\src\chasers\chaser_validate.cpp">
      <Filter>src\chasers</Filter>
    </ClCompile>
    <ClCompile Include="..\..\..\..\src\configuration.cpp">
      <Filter>src</Filter>
    </ClCompile>
    <ClCompile Include="..\..\..\..\src\error.cpp">
      <Filter>src</Filter>
    </ClCompile>
    <ClCompile Include="..\..\..\..\src\full_node.cpp">
      <Filter>src</Filter>
    </ClCompile>
    <ClCompile Include="..\..\..\..\src\parser.cpp">
      <Filter>src</Filter>
    </ClCompile>
    <ClCompile Include="..\..\..\..\src\protocols\protocol.cpp">
      <Filter>src\protocols</Filter>
    </ClCompile>
    <ClCompile Include="..\..\..\..\src\protocols\protocol_block_in.cpp">
      <Filter>src\protocols</Filter>
    </ClCompile>
    <ClCompile Include="..\..\..\..\src\protocols\protocol_block_out.cpp">
      <Filter>src\protocols</Filter>
    </ClCompile>
    <ClCompile Include="..\..\..\..\src\protocols\protocol_header_in_31800.cpp">
      <Filter>src\protocols</Filter>
    </ClCompile>
    <ClCompile Include="..\..\..\..\src\protocols\protocol_header_in_70012.cpp">
      <Filter>src\protocols</Filter>
    </ClCompile>
    <ClCompile Include="..\..\..\..\src\protocols\protocol_header_out_31800.cpp">
      <Filter>src\protocols</Filter>
    </ClCompile>
    <ClCompile Include="..\..\..\..\src\protocols\protocol_header_out_70012.cpp">
      <Filter>src\protocols</Filter>
    </ClCompile>
    <ClCompile Include="..\..\..\..\src\protocols\protocol_transaction_in.cpp">
      <Filter>src\protocols</Filter>
    </ClCompile>
    <ClCompile Include="..\..\..\..\src\protocols\protocol_transaction_out.cpp">
      <Filter>src\protocols</Filter>
    </ClCompile>
    <ClCompile Include="..\..\..\..\src\protocols\session.cpp">
      <Filter>src\protocols</Filter>
    </ClCompile>
    <ClCompile Include="..\..\..\..\src\sessions\session_inbound.cpp">
      <Filter>src\sessions</Filter>
    </ClCompile>
    <ClCompile Include="..\..\..\..\src\sessions\session_manual.cpp">
      <Filter>src\sessions</Filter>
    </ClCompile>
    <ClCompile Include="..\..\..\..\src\sessions\session_outbound.cpp">
      <Filter>src\sessions</Filter>
    </ClCompile>
    <ClCompile Include="..\..\..\..\src\settings.cpp">
      <Filter>src</Filter>
    </ClCompile>
  </ItemGroup>
  <ItemGroup>
    <ClInclude Include="..\..\..\..\include\bitcoin\node.hpp">
      <Filter>include\bitcoin</Filter>
    </ClInclude>
    <ClInclude Include="..\..\..\..\include\bitcoin\node\chasers\chaser.hpp">
      <Filter>include\bitcoin\node\chasers</Filter>
    </ClInclude>
    <ClInclude Include="..\..\..\..\include\bitcoin\node\chasers\chaser_check.hpp">
      <Filter>include\bitcoin\node\chasers</Filter>
    </ClInclude>
    <ClInclude Include="..\..\..\..\include\bitcoin\node\chasers\chaser_confirm.hpp">
      <Filter>include\bitcoin\node\chasers</Filter>
    </ClInclude>
    <ClInclude Include="..\..\..\..\include\bitcoin\node\chasers\chaser_header.hpp">
      <Filter>include\bitcoin\node\chasers</Filter>
    </ClInclude>
    <ClInclude Include="..\..\..\..\include\bitcoin\node\chasers\chaser_transaction.hpp">
      <Filter>include\bitcoin\node\chasers</Filter>
    </ClInclude>
    <ClInclude Include="..\..\..\..\include\bitcoin\node\chasers\chaser_validate.hpp">
      <Filter>include\bitcoin\node\chasers</Filter>
    </ClInclude>
    <ClInclude Include="..\..\..\..\include\bitcoin\node\chasers\chasers.hpp">
      <Filter>include\bitcoin\node\chasers</Filter>
    </ClInclude>
    <ClInclude Include="..\..\..\..\include\bitcoin\node\configuration.hpp">
      <Filter>include\bitcoin\node</Filter>
    </ClInclude>
    <ClInclude Include="..\..\..\..\include\bitcoin\node\define.hpp">
      <Filter>include\bitcoin\node</Filter>
    </ClInclude>
    <ClInclude Include="..\..\..\..\include\bitcoin\node\error.hpp">
      <Filter>include\bitcoin\node</Filter>
    </ClInclude>
    <ClInclude Include="..\..\..\..\include\bitcoin\node\full_node.hpp">
      <Filter>include\bitcoin\node</Filter>
    </ClInclude>
    <ClInclude Include="..\..\..\..\include\bitcoin\node\parser.hpp">
      <Filter>include\bitcoin\node</Filter>
    </ClInclude>
    <ClInclude Include="..\..\..\..\include\bitcoin\node\protocols\attach.hpp">
      <Filter>include\bitcoin\node\protocols</Filter>
    </ClInclude>
    <ClInclude Include="..\..\..\..\include\bitcoin\node\protocols\protocol.hpp">
      <Filter>include\bitcoin\node\protocols</Filter>
    </ClInclude>
    <ClInclude Include="..\..\..\..\include\bitcoin\node\protocols\protocol_block_in.hpp">
      <Filter>include\bitcoin\node\protocols</Filter>
    </ClInclude>
    <ClInclude Include="..\..\..\..\include\bitcoin\node\protocols\protocol_block_out.hpp">
      <Filter>include\bitcoin\node\protocols</Filter>
    </ClInclude>
    <ClInclude Include="..\..\..\..\include\bitcoin\node\protocols\protocol_header_in_31800.hpp">
      <Filter>include\bitcoin\node\protocols</Filter>
    </ClInclude>
    <ClInclude Include="..\..\..\..\include\bitcoin\node\protocols\protocol_header_in_70012.hpp">
      <Filter>include\bitcoin\node\protocols</Filter>
    </ClInclude>
    <ClInclude Include="..\..\..\..\include\bitcoin\node\protocols\protocol_header_out_31800.hpp">
      <Filter>include\bitcoin\node\protocols</Filter>
    </ClInclude>
    <ClInclude Include="..\..\..\..\include\bitcoin\node\protocols\protocol_header_out_70012.hpp">
      <Filter>include\bitcoin\node\protocols</Filter>
    </ClInclude>
    <ClInclude Include="..\..\..\..\include\bitcoin\node\protocols\protocol_transaction_in.hpp">
      <Filter>include\bitcoin\node\protocols</Filter>
    </ClInclude>
    <ClInclude Include="..\..\..\..\include\bitcoin\node\protocols\protocol_transaction_out.hpp">
      <Filter>include\bitcoin\node\protocols</Filter>
    </ClInclude>
    <ClInclude Include="..\..\..\..\include\bitcoin\node\protocols\protocols.hpp">
      <Filter>include\bitcoin\node\protocols</Filter>
    </ClInclude>
    <ClInclude Include="..\..\..\..\include\bitcoin\node\sessions\session.hpp">
      <Filter>include\bitcoin\node\sessions</Filter>
    </ClInclude>
    <ClInclude Include="..\..\..\..\include\bitcoin\node\sessions\session_inbound.hpp">
      <Filter>include\bitcoin\node\sessions</Filter>
    </ClInclude>
    <ClInclude Include="..\..\..\..\include\bitcoin\node\sessions\session_manual.hpp">
      <Filter>include\bitcoin\node\sessions</Filter>
    </ClInclude>
    <ClInclude Include="..\..\..\..\include\bitcoin\node\sessions\session_outbound.hpp">
      <Filter>include\bitcoin\node\sessions</Filter>
    </ClInclude>
    <ClInclude Include="..\..\..\..\include\bitcoin\node\sessions\sessions.hpp">
      <Filter>include\bitcoin\node\sessions</Filter>
    </ClInclude>
    <ClInclude Include="..\..\..\..\include\bitcoin\node\settings.hpp">
      <Filter>include\bitcoin\node</Filter>
    </ClInclude>
    <ClInclude Include="..\..\..\..\include\bitcoin\node\version.hpp">
      <Filter>include\bitcoin\node</Filter>
    </ClInclude>
    <ClInclude Include="..\..\resource.h">
      <Filter>resource</Filter>
    </ClInclude>
  </ItemGroup>
  <ItemGroup>
    <None Include="packages.config" />
  </ItemGroup>
  <ItemGroup>
    <Natvis Include="..\..\debug.natvis" />
  </ItemGroup>
  <ItemGroup>
    <ResourceCompile Include="..\..\resource.rc">
      <Filter>resource</Filter>
    </ResourceCompile>
  </ItemGroup>
</Project>
